PODS:
  - Alamofire (4.9.1)
  - Moya (11.0.2):
    - Moya/Core (= 11.0.2)
  - Moya/Core (11.0.2):
    - Alamofire (~> 4.1)
    - Result (~> 3.0)
  - NVActivityIndicatorView (4.8.0):
    - NVActivityIndicatorView/Presenter (= 4.8.0)
  - NVActivityIndicatorView/Presenter (4.8.0)
  - Result (3.2.4)

DEPENDENCIES:
  - Moya (~> 11.0.2)
  - NVActivityIndicatorView

SPEC REPOS:
  trunk:
    - Alamofire
    - Moya
    - NVActivityIndicatorView
    - Result

SPEC CHECKSUMS:
  Alamofire: 85e8a02c69d6020a0d734f6054870d7ecb75cf18
  Moya: a725035953bc1c0eb1be505ab903984501d82440
  NVActivityIndicatorView: d24b7ebcf80af5dcd994adb650e2b6c93379270f
  Result: d2d07204ce72856f1fd9130bbe42c35a7b0fea10

PODFILE CHECKSUM: 477da3fc7854a867b10cd835f628c566c0ae2436

COCOAPODS: 1.9.1
